
Microsoft Visual Studio Solution File, Format Version 12.00
# Visual Studio 15
Project("{FAE04EC0-301F-11D3-BF4B-00C04F79EFBC}") = "ObjectOrientationLearning", "ObjectOrientationLearning.csproj", "{6046D812-F68D-4A04-BA82-41AE6F37FE17}"
EndProject
Global
	GlobalSection(SolutionConfigurationPlatforms) = preSolution
		Debug|Any CPU = Debug|Any CPU
		Release|Any CPU = Release|Any CPU
	EndGlobalSection
	GlobalSection(ProjectConfigurationPlatforms) = postSolution
		{6046D812-F68D-4A04-BA82-41AE6F37FE17}.Debug|Any CPU.ActiveCfg = Debug|Any CPU
		{6046D812-F68D-4A04-BA82-41AE6F37FE17}.Debug|Any CPU.Build.0 = Debug|Any CPU
		{6046D812-F68D-4A04-BA82-41AE6F37FE17}.Release|Any CPU.ActiveCfg = Release|Any CPU
		{6046D812-F68D-4A04-BA82-41AE6F37FE17}.Release|Any CPU.Build.0 = Release|Any CPU
	EndGlobalSection
EndGlobal
